
Microsoft Visual Studio Solution File, Format Version 12.00
# Visual Studio Version 16
VisualStudioVersion = 16.0.28803.452
MinimumVisualStudioVersion = 10.0.40219.1
Project("{FAE04EC0-301F-11D3-BF4B-00C04F79EFBC}") = "MemoryTrainer", "MemoryTrainer\MemoryTrainer.csproj", "{170128BD-6065-49BC-BB86-E6973B6D4B77}"
EndProject
Global
	GlobalSection(SolutionConfigurationPlatforms) = preSolution
		Debug|Any CPU = Debug|Any CPU
		Release|Any CPU = Release|Any CPU
	EndGlobalSection
	GlobalSection(ProjectConfigurationPlatforms) = postSolution
		{170128BD-6065-49BC-BB86-E6973B6D4B77}.Debug|Any CPU.ActiveCfg = Debug|Any CPU
		{170128BD-6065-49BC-BB86-E6973B6D4B77}.Debug|Any CPU.Build.0 = Debug|Any CPU
		{170128BD-6065-49BC-BB86-E6973B6D4B77}.Release|Any CPU.ActiveCfg = Release|Any CPU
		{170128BD-6065-49BC-BB86-E6973B6D4B77}.Release|Any CPU.Build.0 = Release|Any CPU
	EndGlobalSection
	GlobalSection(SolutionProperties) = preSolution
		HideSolutionNode = FALSE
	EndGlobalSection
	GlobalSection(ExtensibilityGlobals) = postSolution
		SolutionGuid = {04181FE3-47FD-490F-905E-A45E7E68C625}
	EndGlobalSection
EndGlobal
